{
  "originHash" : "8181ff73ed81212a3438dd3e8159875778c3c0a112bcfea6757d7425fc35fbd2",
  "pins" : [
    {
      "identity" : "auth0.swift",
      "kind" : "remoteSourceControl",
      "location" : "https://github.com/auth0/Auth0.swift",
      "state" : {
        "revision" : "3190066c4f9b682dee1def3b1f26e63d46ea3781",
        "version" : "2.13.0"
      }
    },
    {
      "identity" : "framekit",
      "kind" : "remoteSourceControl",
      "location" : "https://github.com/nsr-compute/FrameKit.git",
      "state" : {
        "branch" : "main",
        "revision" : "2023c591c299ef737753cf5e5df1d5da8ee275b9"
      }
    },
    {
      "identity" : "jwtdecode.swift",
      "kind" : "remoteSourceControl",
      "location" : "https://github.com/auth0/JWTDecode.swift.git",
      "state" : {
        "revision" : "36a5ce735a61c4bc119593f43ce2c027b4ca7392",
        "version" : "3.3.0"
      }
    },
    {
      "identity" : "simplekeychain",
      "kind" : "remoteSourceControl",
      "location" : "https://github.com/auth0/SimpleKeychain.git",
      "state" : {
        "revision" : "776c4a6db74d5c6c143974be91c383680d468630",
        "version" : "1.3.0"
      }
    }
  ],
  "version" : 3
}
